github.com/aviddiviner/go-murmur v0.0.0-20150519214947-b9740d71e571 h1:seCdAEDyB0Hti/v1VajB7pAOIk9zmz/0/KE0D0oFqnc=
github.com/aviddiviner/go-murmur v0.0.0-20150519214947-b9740d71e571/go.mod h1:VzSzsYCY3W9xWYWD8T2GLDidWTe5rTZv+UdDMGhLfjg=
github.com/bkaradzic/go-lz4 v1.0.1-0.20160924222819-7224d8d8f27e h1:4DdAsml94WFpNacNXypuQWJT/hpn7akwsaicm86Nemg=
github.com/bkaradzic/go-lz4 v1.0.1-0.20160924222819-7224d8d8f27e/go.mod h1:0YdlkowM3VswSROI7qDxhRvJ3sLhlFrRRwjwegp5jy4=
github.com/childe/healer v0.0.0-20190611100652-a16b8df75b9a h1:g2rpY/WxeBKnYOgVwD6sK+eFYymEQSYb4dGs3WVXNdQ=
github.com/childe/healer v0.0.0-20190611100652-a16b8df75b9a/go.mod h1:ljvP4Pzj3Iu24CdJzEIG+YQtRRpSyCtZQrwFDx/niXg=
github.com/eapache/go-xerial-snappy v0.0.0-20180814174437-776d5712da21 h1:YEetp8/yCZMuEPMUDHG0CW/brkkEp8mzqk2+ODEitlw=
github.com/eapache/go-xerial-snappy v0.0.0-20180814174437-776d5712da21/go.mod h1:+020luEh2TKB4/GOp8oxxtq0Daoen/Cii55CzbTV6DU=
github.com/golang/glog v0.0.0-20160126235308-23def4e6c14b h1:VKtxabqXZkF25pY9ekfRL6a582T4P37/31XEstQ5p58=
github.com/golang/glog v0.0.0-20160126235308-23def4e6c14b/go.mod h1:SBH7ygxi8pfUlaOkMMuAQtPIUF8ecWP5IEl/CR7VP2Q=
github.com/golang/snappy v0.0.1 h1:Qgr9rKW7uDUkrbSmQeiDsGa8SjGyCOGtuasMWwvp2P4=
github.com/golang/snappy v0.0.1/go.mod h1:/XxbfmMg8lxefKM7IXC3fBNl/7bRcc72aCRzEWrmP2Q=
github.com/ipipdotnet/datx-go v0.0.0-20180617151335-0ac818a639c3 h1:ropxYnLJ3w6jJGSuIyMRyPAkr21B9tqrp1eXLTGbplk=
github.com/ipipdotnet/datx-go v0.0.0-20180617151335-0ac818a639c3/go.mod h1:gtW/z1HXWamRY5AhOuq1q0EXaNJdzdr9CFeWULvP2eU=
github.com/json-iterator/go v1.1.6 h1:MrUvLMLTMxbqFJ9kzlvat/rYZqZnW3u4wkLzWTaFwKs=
github.com/json-iterator/go v1.1.6/go.mod h1:+SdeFBvtyEkXs7REEP0seUULqWtbJapLOCVDaaPEHmU=
github.com/kshvakov/clickhouse v1.3.4 h1:p/yqvOmeDRH+KyCH6NtwExelr4rimLBBfKW2a/wBN94=
github.com/kshvakov/clickhouse v1.3.4/go.mod h1:DMzX7FxRymoNkVgizH0DWAL8Cur7wHLgx3MUnGwJqpE=
github.com/modern-go/concurrent v0.0.0-20180306012644-bacd9c7ef1dd h1:TRLaZ9cD/w8PVh93nsPXa1VrQ6jlwL5oN8l14QlcNfg=
github.com/modern-go/concurrent v0.0.0-20180306012644-bacd9c7ef1dd/go.mod h1:6dJC0mAP4ikYIbvyc7fijjWJddQyLn8Ig3JB5CqoB9Q=
github.com/modern-go/reflect2 v1.0.1 h1:9f412s+6RmYXLWZSEzVVgPGK7C2PphHj5RJrvfx9AWI=
github.com/modern-go/reflect2 v1.0.1/go.mod h1:bx2lNnkwVCuqBIxFjflWJWanXIb3RllmbCylyMrvgv0=
gopkg.in/check.v1 v0.0.0-20161208181325-20d25e280405/go.mod h1:Co6ibVJAznAaIkqp8huTwlJQCZ016jof/cbN4VW5Yz0=
gopkg.in/yaml.v2 v2.2.1 h1:mUhvW9EsL+naU5Q3cakzfE91YhliOondGd6ZrsDBHQE=
gopkg.in/yaml.v2 v2.2.1/go.mod h1:hI93XBmqTisBFMUTm0b8Fm+jr3Dg1NNxqwp+5A1VGuI=
