# This file is autogenerated, do not edit; changes may be undone by the next 'dep ensure'.


[[projects]]
  branch = "master"
  digest = "1:585c779ab62fcbd57fac06d8aeb8fdabd598d00cbcb3e25079b8eb8cf5f0f638"
  name = "github.com/aviddiviner/go-murmur"
  packages = ["."]
  pruneopts = "UT"
  revision = "b9740d71e571c1f4ccb570b9bc7f352329d3e600"

[[projects]]
  branch = "master"
  digest = "1:c5b1eb6d45a42e7eb6ded6ff6cf849e6726da60868d1150964b2d087c70d9084"
  name = "github.com/bkaradzic/go-lz4"
  packages = ["."]
  pruneopts = "UT"
  revision = "7224d8d8f27ef618c0a95f1ae69dbb0488abc33a"

[[projects]]
  digest = "1:8fdd84af400f60667f54eec4f95ea74429c40f3ea777527cb1a2631e1bbc2d1c"
  name = "github.com/childe/healer"
  packages = ["."]
  pruneopts = "UT"
  revision = "a2a038307e75bc8a0aeb2d4d4fe5e2a0426e5e8f"

[[projects]]
  digest = "1:2b55f08306f24f60dab51e006c1890db08d34ccc1b92c53a08a1a6e7792e3eb8"
  name = "github.com/eapache/go-xerial-snappy"
  packages = ["."]
  pruneopts = "UT"
  revision = "bb955e01b9346ac19dc29eb16586c90ded99a98c"

[[projects]]
  branch = "master"
  digest = "1:1ba1d79f2810270045c328ae5d674321db34e3aae468eb4233883b473c5c0467"
  name = "github.com/golang/glog"
  packages = ["."]
  pruneopts = "UT"
  revision = "23def4e6c14b4da8ac2ed8007337bc5eb5007998"

[[projects]]
  digest = "1:29a5ab9fa9e845fd8e8726f31b187d710afd271ef1eb32085fe3d604b7e06382"
  name = "github.com/golang/snappy"
  packages = ["."]
  pruneopts = "UT"
  revision = "553a641470496b2327abcac10b36396bd98e45c9"

[[projects]]
  digest = "1:c2a7150106b3e9178760bfb0edb8514faa433f54cf631b2fa290d5844cc4d408"
  name = "github.com/ipipdotnet/datx-go"
  packages = ["."]
  pruneopts = "UT"
  revision = "0ac818a639c339140ca04aaa6ea8a738d9167d28"

[[projects]]
  digest = "1:8d44b575d464430d321863488733d08f98b925721fff5b5f7f5011b6848ef135"
  name = "github.com/json-iterator/go"
  packages = ["."]
  pruneopts = "UT"
  revision = "2433035e513208b0f7bd5b50d0aecd889b2c1ff8"

[[projects]]
  digest = "1:f02dbf2124e5dfb5305a6c3c8957a41d54a89d2a3ef60f030769f86e7851d5f5"
  name = "github.com/kshvakov/clickhouse"
  packages = [
    ".",
    "lib/binary",
    "lib/column",
    "lib/data",
    "lib/protocol",
    "lib/types",
    "lib/writebuffer",
  ]
  pruneopts = "UT"
  revision = "aeedb7b9d0584f393905447021238b5c6e9c5154"
  version = "v1.3.4"

[[projects]]
  digest = "1:33422d238f147d247752996a26574ac48dcf472976eda7f5134015f06bf16563"
  name = "github.com/modern-go/concurrent"
  packages = ["."]
  pruneopts = "UT"
  revision = "bacd9c7ef1dd9b15be4a9909b8ac7a4e313eec94"
  version = "1.0.3"

[[projects]]
  digest = "1:c56ad36f5722eb07926c979d5e80676ee007a9e39e7808577b9d87ec92b00460"
  name = "github.com/modern-go/reflect2"
  packages = ["."]
  pruneopts = "UT"
  revision = "94122c33edd36123c84d5368cfb2b69df93a0ec8"
  version = "v1.0.1"

[[projects]]
  digest = "1:342378ac4dcb378a5448dd723f0784ae519383532f5e70ade24132c4c8693202"
  name = "gopkg.in/yaml.v2"
  packages = ["."]
  pruneopts = "UT"
  revision = "5420a8b6744d3b0345ab293f6fcba19c978f1183"
  version = "v2.2.1"

[solve-meta]
  analyzer-name = "dep"
  analyzer-version = 1
  input-imports = [
    "github.com/childe/healer",
    "github.com/golang/glog",
    "github.com/ipipdotnet/datx-go",
    "github.com/json-iterator/go",
    "github.com/kshvakov/clickhouse",
    "gopkg.in/yaml.v2",
  ]
  solver-name = "gps-cdcl"
  solver-version = 1
