# This file is autogenerated, do not edit; changes may be undone by the next 'dep ensure'.


[[projects]]
  branch = "master"
  digest = "1:585c779ab62fcbd57fac06d8aeb8fdabd598d00cbcb3e25079b8eb8cf5f0f638"
  name = "github.com/aviddiviner/go-murmur"
  packages = ["."]
  pruneopts = "UT"
  revision = "b9740d71e571c1f4ccb570b9bc7f352329d3e600"

[[projects]]
  digest = "1:3979ce00a7ab70223ab575eb7ee7191d6a91ff45ecbe61774252ea25ef0f6cf4"
  name = "github.com/bkaradzic/go-lz4"
  packages = ["."]
  pruneopts = "UT"
  revision = "74ddf82598bc4745b965729e9c6a463bedd33049"
  version = "v1.0.0"

[[projects]]
  branch = "master"
  digest = "1:0d6352e4643d814d722a871b54a7043314bda718d095d87cba662a15bf5921a0"
  name = "github.com/childe/healer"
  packages = ["."]
  pruneopts = "UT"
  revision = "00d8c0abb42dba2a9bbc992191978c92bc08d608"

[[projects]]
  digest = "1:2b55f08306f24f60dab51e006c1890db08d34ccc1b92c53a08a1a6e7792e3eb8"
  name = "github.com/eapache/go-xerial-snappy"
  packages = ["."]
  pruneopts = "UT"
  revision = "bb955e01b9346ac19dc29eb16586c90ded99a98c"

[[projects]]
  branch = "master"
  digest = "1:1ba1d79f2810270045c328ae5d674321db34e3aae468eb4233883b473c5c0467"
  name = "github.com/golang/glog"
  packages = ["."]
  pruneopts = "UT"
  revision = "23def4e6c14b4da8ac2ed8007337bc5eb5007998"

[[projects]]
  digest = "1:e4f5819333ac698d294fe04dbf640f84719658d5c7ce195b10060cc37292ce79"
  name = "github.com/golang/snappy"
  packages = ["."]
  pruneopts = "UT"
  revision = "2a8bb927dd31d8daada140a5d09578521ce5c36a"
  version = "v0.0.1"

[[projects]]
  digest = "1:c2a7150106b3e9178760bfb0edb8514faa433f54cf631b2fa290d5844cc4d408"
  name = "github.com/ipipdotnet/datx-go"
  packages = ["."]
  pruneopts = "UT"
  revision = "0ac818a639c339140ca04aaa6ea8a738d9167d28"

[[projects]]
  digest = "1:f5a2051c55d05548d2d4fd23d244027b59fbd943217df8aa3b5e170ac2fd6e1b"
  name = "github.com/json-iterator/go"
  packages = ["."]
  pruneopts = "UT"
  revision = "0ff49de124c6f76f8494e194af75bde0f1a49a29"
  version = "v1.1.6"

[[projects]]
  digest = "1:f02dbf2124e5dfb5305a6c3c8957a41d54a89d2a3ef60f030769f86e7851d5f5"
  name = "github.com/kshvakov/clickhouse"
  packages = [
    ".",
    "lib/binary",
    "lib/column",
    "lib/data",
    "lib/protocol",
    "lib/types",
    "lib/writebuffer",
  ]
  pruneopts = "UT"
  revision = "aeedb7b9d0584f393905447021238b5c6e9c5154"
  version = "v1.3.4"

[[projects]]
  digest = "1:33422d238f147d247752996a26574ac48dcf472976eda7f5134015f06bf16563"
  name = "github.com/modern-go/concurrent"
  packages = ["."]
  pruneopts = "UT"
  revision = "bacd9c7ef1dd9b15be4a9909b8ac7a4e313eec94"
  version = "1.0.3"

[[projects]]
  digest = "1:c56ad36f5722eb07926c979d5e80676ee007a9e39e7808577b9d87ec92b00460"
  name = "github.com/modern-go/reflect2"
  packages = ["."]
  pruneopts = "UT"
  revision = "94122c33edd36123c84d5368cfb2b69df93a0ec8"
  version = "v1.0.1"

[[projects]]
  digest = "1:342378ac4dcb378a5448dd723f0784ae519383532f5e70ade24132c4c8693202"
  name = "gopkg.in/yaml.v2"
  packages = ["."]
  pruneopts = "UT"
  revision = "5420a8b6744d3b0345ab293f6fcba19c978f1183"
  version = "v2.2.1"

[solve-meta]
  analyzer-name = "dep"
  analyzer-version = 1
  input-imports = [
    "github.com/childe/healer",
    "github.com/golang/glog",
    "github.com/ipipdotnet/datx-go",
    "github.com/json-iterator/go",
    "github.com/kshvakov/clickhouse",
    "gopkg.in/yaml.v2",
  ]
  solver-name = "gps-cdcl"
  solver-version = 1
